
Microsoft Visual Studio Solution File, Format Version 12.00
# Visual Studio Version 17
VisualStudioVersion = 17.0.31903.59
MinimumVisualStudioVersion = 10.0.40219.1
Project("{9A19103F-16F7-4668-BE54-9A1E7A4F7556}") = "LlmPlanner", "LlmPlanner\LlmPlanner.csproj", "{D16ABD1A-37D2-4ADC-A0A4-86B234FEB32B}"
EndProject
Project("{9A19103F-16F7-4668-BE54-9A1E7A4F7556}") = "OpenAiClient", "OpenAiClient\OpenAiClient.csproj", "{AC73DCF4-CD08-4254-81DD-BFA101479869}"
EndProject
Global
	GlobalSection(SolutionConfigurationPlatforms) = preSolution
		Debug|Any CPU = Debug|Any CPU
		Release|Any CPU = Release|Any CPU
	EndGlobalSection
	GlobalSection(ProjectConfigurationPlatforms) = postSolution
		{D16ABD1A-37D2-4ADC-A0A4-86B234FEB32B}.Debug|Any CPU.ActiveCfg = Debug|Any CPU
		{D16ABD1A-37D2-4ADC-A0A4-86B234FEB32B}.Debug|Any CPU.Build.0 = Debug|Any CPU
		{D16ABD1A-37D2-4ADC-A0A4-86B234FEB32B}.Release|Any CPU.ActiveCfg = Release|Any CPU
		{D16ABD1A-37D2-4ADC-A0A4-86B234FEB32B}.Release|Any CPU.Build.0 = Release|Any CPU
		{AC73DCF4-CD08-4254-81DD-BFA101479869}.Debug|Any CPU.ActiveCfg = Debug|Any CPU
		{AC73DCF4-CD08-4254-81DD-BFA101479869}.Debug|Any CPU.Build.0 = Debug|Any CPU
		{AC73DCF4-CD08-4254-81DD-BFA101479869}.Release|Any CPU.ActiveCfg = Release|Any CPU
		{AC73DCF4-CD08-4254-81DD-BFA101479869}.Release|Any CPU.Build.0 = Release|Any CPU
	EndGlobalSection
	GlobalSection(SolutionProperties) = preSolution
		HideSolutionNode = FALSE
	EndGlobalSection
	GlobalSection(ExtensibilityGlobals) = postSolution
		SolutionGuid = {DEB1A25D-D483-4B2C-860C-7123057B876F}
	EndGlobalSection
EndGlobal
